
Microsoft Visual Studio Solution File, Format Version 12.00
# Visual Studio Version 17
VisualStudioVersion = 17.4.33103.184
MinimumVisualStudioVersion = 10.0.40219.1
Project("{888888A0-9F3D-457C-B088-3A5042F75D52}") = "vrp_problem", "vrp_problem.pyproj", "{DA08C09C-D21C-4546-BAF5-7F4A24281C65}"
EndProject
Global
	GlobalSection(SolutionConfigurationPlatforms) = preSolution
		Debug|Any CPU = Debug|Any CPU
		Release|Any CPU = Release|Any CPU
	EndGlobalSection
	GlobalSection(ProjectConfigurationPlatforms) = postSolution
		{DA08C09C-D21C-4546-BAF5-7F4A24281C65}.Debug|Any CPU.ActiveCfg = Debug|Any CPU
		{DA08C09C-D21C-4546-BAF5-7F4A24281C65}.Release|Any CPU.ActiveCfg = Release|Any CPU
	EndGlobalSection
	GlobalSection(SolutionProperties) = preSolution
		HideSolutionNode = FALSE
	EndGlobalSection
	GlobalSection(ExtensibilityGlobals) = postSolution
		SolutionGuid = {AA6BDE46-0E51-4B5C-9EC7-0A8C002ABEB6}
	EndGlobalSection
EndGlobal
